
Microsoft Visual Studio Solution File, Format Version 12.00
# Visual Studio 15
VisualStudioVersion = 15.0.27130.2027
MinimumVisualStudioVersion = 10.0.40219.1
Project("{9A19103F-16F7-4668-BE54-9A1E7A4F7556}") = "AwsConfigurator", "AwsConfigurator\AwsConfigurator.csproj", "{71B16676-BC48-4282-A341-24EA0354FD39}"
EndProject
Project("{9A19103F-16F7-4668-BE54-9A1E7A4F7556}") = "AwsConfigurationUnitTests", "AwsConfigurationUnitTests\AwsConfigurationUnitTests.csproj", "{BB0735AF-100E-4EE9-89BB-9CECB03D2BD9}"
EndProject
Project("{FAE04EC0-301F-11D3-BF4B-00C04F79EFBC}") = "AwsConfiguratorApp", "AwsConfiguratorApp\AwsConfiguratorApp.csproj", "{368AC813-55D2-42A9-B472-2B82A3667BE0}"
EndProject
Global
	GlobalSection(SolutionConfigurationPlatforms) = preSolution
		Debug|Any CPU = Debug|Any CPU
		Release|Any CPU = Release|Any CPU
	EndGlobalSection
	GlobalSection(ProjectConfigurationPlatforms) = postSolution
		{71B16676-BC48-4282-A341-24EA0354FD39}.Debug|Any CPU.ActiveCfg = Debug|Any CPU
		{71B16676-BC48-4282-A341-24EA0354FD39}.Debug|Any CPU.Build.0 = Debug|Any CPU
		{71B16676-BC48-4282-A341-24EA0354FD39}.Release|Any CPU.ActiveCfg = Release|Any CPU
		{71B16676-BC48-4282-A341-24EA0354FD39}.Release|Any CPU.Build.0 = Release|Any CPU
		{BB0735AF-100E-4EE9-89BB-9CECB03D2BD9}.Debug|Any CPU.ActiveCfg = Debug|Any CPU
		{BB0735AF-100E-4EE9-89BB-9CECB03D2BD9}.Debug|Any CPU.Build.0 = Debug|Any CPU
		{BB0735AF-100E-4EE9-89BB-9CECB03D2BD9}.Release|Any CPU.ActiveCfg = Release|Any CPU
		{BB0735AF-100E-4EE9-89BB-9CECB03D2BD9}.Release|Any CPU.Build.0 = Release|Any CPU
		{368AC813-55D2-42A9-B472-2B82A3667BE0}.Debug|Any CPU.ActiveCfg = Debug|Any CPU
		{368AC813-55D2-42A9-B472-2B82A3667BE0}.Debug|Any CPU.Build.0 = Debug|Any CPU
		{368AC813-55D2-42A9-B472-2B82A3667BE0}.Release|Any CPU.ActiveCfg = Release|Any CPU
		{368AC813-55D2-42A9-B472-2B82A3667BE0}.Release|Any CPU.Build.0 = Release|Any CPU
	EndGlobalSection
	GlobalSection(SolutionProperties) = preSolution
		HideSolutionNode = FALSE
	EndGlobalSection
	GlobalSection(ExtensibilityGlobals) = postSolution
		SolutionGuid = {BF16F91A-0F84-42FF-A0B6-86E9CF87AB42}
	EndGlobalSection
EndGlobal
